PODS:
  - ZBJPoplar (0.1.12):
    - ZBJPoplar/Category (= 0.1.12)
    - ZBJPoplar/Macros (= 0.1.12)
    - ZBJPoplar/Tools (= 0.1.12)
  - ZBJPoplar/Category (0.1.12):
    - ZBJPoplar/Category/Foundation (= 0.1.12)
    - ZBJPoplar/Category/Kit (= 0.1.12)
  - ZBJPoplar/Category/Foundation (0.1.12):
    - ZBJPoplar/Macros
  - ZBJPoplar/Category/Kit (0.1.12):
    - ZBJPoplar/Macros
  - ZBJPoplar/Macros (0.1.12)
  - ZBJPoplar/Tools (0.1.12):
    - ZBJPoplar/Macros

DEPENDENCIES:
  - ZBJPoplar (from `../`)

EXTERNAL SOURCES:
  ZBJPoplar:
    :path: "../"

SPEC CHECKSUMS:
  ZBJPoplar: 59b72de0850cd30179774a6ab9ade1a9fbe93bb9

PODFILE CHECKSUM: 4eb778f84a5494b74cc5196ba0d69809c18032f3

COCOAPODS: 1.10.0
