PODS:
  - ZBJPoplar (0.1.2):
    - ZBJPoplar/Category (= 0.1.2)
  - ZBJPoplar/Category (0.1.2):
    - ZBJPoplar/Category/ZBJFoundation (= 0.1.2)
    - ZBJPoplar/Category/ZBJKit (= 0.1.2)
  - ZBJPoplar/Category/ZBJFoundation (0.1.2)
  - ZBJPoplar/Category/ZBJKit (0.1.2)

DEPENDENCIES:
  - ZBJPoplar (from `../`)

EXTERNAL SOURCES:
  ZBJPoplar:
    :path: "../"

SPEC CHECKSUMS:
  ZBJPoplar: 035796ba15a264a7892bdb5c728121b56e0e28e1

PODFILE CHECKSUM: 4eb778f84a5494b74cc5196ba0d69809c18032f3

COCOAPODS: 1.10.0
